
Microsoft Visual Studio Solution File, Format Version 12.00
# Visual Studio Version 17
VisualStudioVersion = 17.9.34728.123
MinimumVisualStudioVersion = 10.0.40219.1
Project("{FAE04EC0-301F-11D3-BF4B-00C04F79EFBC}") = "Supermarketinventory", "Supermarketinventory.csproj", "{D4D64AF5-8056-4833-A400-52CC750A74FC}"
EndProject
Global
	GlobalSection(SolutionConfigurationPlatforms) = preSolution
		Debug|Any CPU = Debug|Any CPU
		Release|Any CPU = Release|Any CPU
	EndGlobalSection
	GlobalSection(ProjectConfigurationPlatforms) = postSolution
		{D4D64AF5-8056-4833-A400-52CC750A74FC}.Debug|Any CPU.ActiveCfg = Debug|Any CPU
		{D4D64AF5-8056-4833-A400-52CC750A74FC}.Debug|Any CPU.Build.0 = Debug|Any CPU
		{D4D64AF5-8056-4833-A400-52CC750A74FC}.Release|Any CPU.ActiveCfg = Release|Any CPU
		{D4D64AF5-8056-4833-A400-52CC750A74FC}.Release|Any CPU.Build.0 = Release|Any CPU
	EndGlobalSection
	GlobalSection(SolutionProperties) = preSolution
		HideSolutionNode = FALSE
	EndGlobalSection
	GlobalSection(ExtensibilityGlobals) = postSolution
		SolutionGuid = {5FD531ED-9A1C-4F08-A911-95F0EE1559DA}
	EndGlobalSection
EndGlobal
